{
    "_meta": {
        "hash": {
            "sha256": "d23c6eb9cc5bd6efd02e774dafc406ccbfeeaf788ff9fdfc2a602a2c97820fbb"
        },
        "pipfile-spec": 6,
        "requires": {
            "python_version": "3.11"
        },
        "sources": [
            {
                "name": "pypi",
                "url": "https://pypi.org/simple",
                "verify_ssl": true
            }
        ]
    },
    "default": {
        "geographiclib": {
            "hashes": [
                "sha256:6b7225248e45ff7edcee32becc4e0a1504c606ac5ee163a5656d482e0cd38734",
                "sha256:f7f41c85dc3e1c2d3d935ec86660dc3b2c848c83e17f9a9e51ba9d5146a15859"
            ],
            "index": "pypi",
            "markers": "python_version >= '3.7'",
            "version": "==2.0"
        }
    },
    "develop": {}
}
